// !$*UTF8*$!
{
	archiveVersion = 1;
	classes = {
	};
	objectVersion = 46;
	objects = {

/* Begin PBXBuildFile section */
		F2B312D31C0D363F00ECBB50 /* FlickDetailViewController.swift in Sources */ = {isa = PBXBuildFile; fileRef = F2B312D21C0D363F00ECBB50 /* FlickDetailViewController.swift */; };
		F2C9DBCF1C0B57D200A716B0 /* GetPhotos.swift in Sources */ = {isa = PBXBuildFile; fileRef = F2C9DBCE1C0B57D200A716B0 /* GetPhotos.swift */; };
		F2CDE7731C03EB4C002E600D /* AppDelegate.swift in Sources */ = {isa = PBXBuildFile; fileRef = F2CDE7721C03EB4C002E600D /* AppDelegate.swift */; };
		F2CDE7781C03EB4C002E600D /* Main.storyboard in Resources */ = {isa = PBXBuildFile; fileRef = F2CDE7761C03EB4C002E600D /* Main.storyboard */; };
		F2CDE77A1C03EB4C002E600D /* Assets.xcassets in Resources */ = {isa = PBXBuildFile; fileRef = F2CDE7791C03EB4C002E600D /* Assets.xcassets */; };
		F2CDE77D1C03EB4C002E600D /* LaunchScreen.storyboard in Resources */ = {isa = PBXBuildFile; fileRef = F2CDE77B1C03EB4C002E600D /* LaunchScreen.storyboard */; };
		F2CDE7851C03EC84002E600D /* FlickCell.swift in Sources */ = {isa = PBXBuildFile; fileRef = F2CDE7841C03EC84002E600D /* FlickCell.swift */; };
		F2CDE7871C03ECD6002E600D /* CollectionViewController.swift in Sources */ = {isa = PBXBuildFile; fileRef = F2CDE7861C03ECD6002E600D /* CollectionViewController.swift */; };
		F2CDE7891C03ED9B002E600D /* FlickItem.swift in Sources */ = {isa = PBXBuildFile; fileRef = F2CDE7881C03ED9B002E600D /* FlickItem.swift */; };
/* End PBXBuildFile section */

/* Begin PBXFileReference section */
		F2B312D21C0D363F00ECBB50 /* FlickDetailViewController.swift */ = {isa = PBXFileReference; fileEncoding = 4; lastKnownFileType = sourcecode.swift; path = FlickDetailViewController.swift; sourceTree = "<group>"; };
		F2C9DBCE1C0B57D200A716B0 /* GetPhotos.swift */ = {isa = PBXFileReference; fileEncoding = 4; lastKnownFileType = sourcecode.swift; path = GetPhotos.swift; sourceTree = "<group>"; };
		F2CDE76F1C03EB4C002E600D /* TwoFlick.app */ = {isa = PBXFileReference; explicitFileType = wrapper.application; includeInIndex = 0; path = TwoFlick.app; sourceTree = BUILT_PRODUCTS_DIR; };
		F2CDE7721C03EB4C002E600D /* AppDelegate.swift */ = {isa = PBXFileReference; lastKnownFileType = sourcecode.swift; path = AppDelegate.swift; sourceTree = "<group>"; };
		F2CDE7771C03EB4C002E600D /* Base */ = {isa = PBXFileReference; lastKnownFileType = file.storyboard; name = Base; path = Base.lproj/Main.storyboard; sourceTree = "<group>"; };
		F2CDE7791C03EB4C002E600D /* Assets.xcassets */ = {isa = PBXFileReference; lastKnownFileType = folder.assetcatalog; path = Assets.xcassets; sourceTree = "<group>"; };
		F2CDE77C1C03EB4C002E600D /* Base */ = {isa = PBXFileReference; lastKnownFileType = file.storyboard; name = Base; path = Base.lproj/LaunchScreen.storyboard; sourceTree = "<group>"; };
		F2CDE77E1C03EB4C002E600D /* Info.plist */ = {isa = PBXFileReference; lastKnownFileType = text.plist.xml; path = Info.plist; sourceTree = "<group>"; };
		F2CDE7841C03EC84002E600D /* FlickCell.swift */ = {isa = PBXFileReference; fileEncoding = 4; lastKnownFileType = sourcecode.swift; path = FlickCell.swift; sourceTree = "<group>"; };
		F2CDE7861C03ECD6002E600D /* CollectionViewController.swift */ = {isa = PBXFileReference; fileEncoding = 4; lastKnownFileType = sourcecode.swift; path = CollectionViewController.swift; sourceTree = "<group>"; };
		F2CDE7881C03ED9B002E600D /* FlickItem.swift */ = {isa = PBXFileReference; fileEncoding = 4; lastKnownFileType = sourcecode.swift; path = FlickItem.swift; sourceTree = "<group>"; };
/* End PBXFileReference section */

/* Begin PBXFrameworksBuildPhase section */
		F2CDE76C1C03EB4C002E600D /* Frameworks */ = {
			isa = PBXFrameworksBuildPhase;
			buildActionMask = 2147483647;
			files = (
			);
			runOnlyForDeploymentPostprocessing = 0;
		};
/* End PBXFrameworksBuildPhase section */

/* Begin PBXGroup section */
		F2CDE7661C03EB4C002E600D = {
			isa = PBXGroup;
			children = (
				F2CDE7711C03EB4C002E600D /* TwoFlick */,
				F2CDE7701C03EB4C002E600D /* Products */,
			);
			sourceTree = "<group>";
		};
		F2CDE7701C03EB4C002E600D /* Products */ = {
			isa = PBXGroup;
			children = (
				F2CDE76F1C03EB4C002E600D /* TwoFlick.app */,
			);
			name = Products;
			sourceTree = "<group>";
		};
		F2CDE7711C03EB4C002E600D /* TwoFlick */ = {
			isa = PBXGroup;
			children = (
				F2B312D21C0D363F00ECBB50 /* FlickDetailViewController.swift */,
				F2CDE7861C03ECD6002E600D /* CollectionViewController.swift */,
				F2C9DBCE1C0B57D200A716B0 /* GetPhotos.swift */,
				F2CDE7791C03EB4C002E600D /* Assets.xcassets */,
				F2CDE7761C03EB4C002E600D /* Main.storyboard */,
				F2CDE7841C03EC84002E600D /* FlickCell.swift */,
				F2CDE7881C03ED9B002E600D /* FlickItem.swift */,
				F2CDE7721C03EB4C002E600D /* AppDelegate.swift */,
				F2CDE77B1C03EB4C002E600D /* LaunchScreen.storyboard */,
				F2CDE77E1C03EB4C002E600D /* Info.plist */,
			);
			path = TwoFlick;
			sourceTree = "<group>";
		};
/* End PBXGroup section */

/* Begin PBXNativeTarget section */
		F2CDE76E1C03EB4C002E600D /* TwoFlick */ = {
			isa = PBXNativeTarget;
			buildConfigurationList = F2CDE7811C03EB4C002E600D /* Build configuration list for PBXNativeTarget "TwoFlick" */;
			buildPhases = (
				F2CDE76B1C03EB4C002E600D /* Sources */,
				F2CDE76C1C03EB4C002E600D /* Frameworks */,
				F2CDE76D1C03EB4C002E600D /* Resources */,
			);
			buildRules = (
			);
			dependencies = (
			);
			name = TwoFlick;
			productName = TwoFlick;
			productReference = F2CDE76F1C03EB4C002E600D /* TwoFlick.app */;
			productType = "com.apple.product-type.application";
		};
/* End PBXNativeTarget section */

/* Begin PBXProject section */
		F2CDE7671C03EB4C002E600D /* Project object */ = {
			isa = PBXProject;
			attributes = {
				LastSwiftUpdateCheck = 0710;
				LastUpgradeCheck = 0710;
				ORGANIZATIONNAME = Muscovado;
				TargetAttributes = {
					F2CDE76E1C03EB4C002E600D = {
						CreatedOnToolsVersion = 7.1.1;
						DevelopmentTeam = X9995R8TG5;
					};
				};
			};
			buildConfigurationList = F2CDE76A1C03EB4C002E600D /* Build configuration list for PBXProject "TwoFlick" */;
			compatibilityVersion = "Xcode 3.2";
			developmentRegion = English;
			hasScannedForEncodings = 0;
			knownRegions = (
				en,
				Base,
			);
			mainGroup = F2CDE7661C03EB4C002E600D;
			productRefGroup = F2CDE7701C03EB4C002E600D /* Products */;
			projectDirPath = "";
			projectRoot = "";
			targets = (
				F2CDE76E1C03EB4C002E600D /* TwoFlick */,
			);
		};
/* End PBXProject section */

/* Begin PBXResourcesBuildPhase section */
		F2CDE76D1C03EB4C002E600D /* Resources */ = {
			isa = PBXResourcesBuildPhase;
			buildActionMask = 2147483647;
			files = (
				F2CDE77D1C03EB4C002E600D /* LaunchScreen.storyboard in Resources */,
				F2CDE77A1C03EB4C002E600D /* Assets.xcassets in Resources */,
				F2CDE7781C03EB4C002E600D /* Main.storyboard in Resources */,
			);
			runOnlyForDeploymentPostprocessing = 0;
		};
/* End PBXResourcesBuildPhase section */

/* Begin PBXSourcesBuildPhase section */
		F2CDE76B1C03EB4C002E600D /* Sources */ = {
			isa = PBXSourcesBuildPhase;
			buildActionMask = 2147483647;
			files = (
				F2CDE7871C03ECD6002E600D /* CollectionViewController.swift in Sources */,
				F2B312D31C0D363F00ECBB50 /* FlickDetailViewController.swift in Sources */,
				F2CDE7851C03EC84002E600D /* FlickCell.swift in Sources */,
				F2C9DBCF1C0B57D200A716B0 /* GetPhotos.swift in Sources */,
				F2CDE7891C03ED9B002E600D /* FlickItem.swift in Sources */,
				F2CDE7731C03EB4C002E600D /* AppDelegate.swift in Sources */,
			);
			runOnlyForDeploymentPostprocessing = 0;
		};
/* End PBXSourcesBuildPhase section */

/* Begin PBXVariantGroup section */
		F2CDE7761C03EB4C002E600D /* Main.storyboard */ = {
			isa = PBXVariantGroup;
			children = (
				F2CDE7771C03EB4C002E600D /* Base */,
			);
			name = Main.storyboard;
			sourceTree = "<group>";
		};
		F2CDE77B1C03EB4C002E600D /* LaunchScreen.storyboard */ = {
			isa = PBXVariantGroup;
			children = (
				F2CDE77C1C03EB4C002E600D /* Base */,
			);
			name = LaunchScreen.storyboard;
			sourceTree = "<group>";
		};
/* End PBXVariantGroup section */

/* Begin XCBuildConfiguration section */
		F2CDE77F1C03EB4C002E600D /* Debug */ = {
			isa = XCBuildConfiguration;
			buildSettings = {
				ALWAYS_SEARCH_USER_PATHS = NO;
				CLANG_CXX_LANGUAGE_STANDARD = "gnu++0x";
				CLANG_CXX_LIBRARY = "libc++";
				CLANG_ENABLE_MODULES = YES;
				CLANG_ENABLE_OBJC_ARC = YES;
				CLANG_WARN_BOOL_CONVERSION = YES;
				CLANG_WARN_CONSTANT_CONVERSION = YES;
				CLANG_WARN_DIRECT_OBJC_ISA_USAGE = YES_ERROR;
				CLANG_WARN_EMPTY_BODY = YES;
				CLANG_WARN_ENUM_CONVERSION = YES;
				CLANG_WARN_INT_CONVERSION = YES;
				CLANG_WARN_OBJC_ROOT_CLASS = YES_ERROR;
				CLANG_WARN_UNREACHABLE_CODE = YES;
				CLANG_WARN__DUPLICATE_METHOD_MATCH = YES;
				"CODE_SIGN_IDENTITY[sdk=iphoneos*]" = "iPhone Developer";
				COPY_PHASE_STRIP = NO;
				DEBUG_INFORMATION_FORMAT = dwarf;
				ENABLE_STRICT_OBJC_MSGSEND = YES;
				ENABLE_TESTABILITY = YES;
				GCC_C_LANGUAGE_STANDARD = gnu99;
				GCC_DYNAMIC_NO_PIC = NO;
				GCC_NO_COMMON_BLOCKS = YES;
				GCC_OPTIMIZATION_LEVEL = 0;
				GCC_PREPROCESSOR_DEFINITIONS = (
					"DEBUG=1",
					"$(inherited)",
				);
				GCC_WARN_64_TO_32_BIT_CONVERSION = YES;
				GCC_WARN_ABOUT_RETURN_TYPE = YES_ERROR;
				GCC_WARN_UNDECLARED_SELECTOR = YES;
				GCC_WARN_UNINITIALIZED_AUTOS = YES_AGGRESSIVE;
				GCC_WARN_UNUSED_FUNCTION = YES;
				GCC_WARN_UNUSED_VARIABLE = YES;
				IPHONEOS_DEPLOYMENT_TARGET = 9.1;
				MTL_ENABLE_DEBUG_INFO = YES;
				ONLY_ACTIVE_ARCH = YES;
				SDKROOT = iphoneos;
				SWIFT_OPTIMIZATION_LEVEL = "-Onone";
			};
			name = Debug;
		};
		F2CDE7801C03EB4C002E600D /* Release */ = {
			isa = XCBuildConfiguration;
			buildSettings = {
				ALWAYS_SEARCH_USER_PATHS = NO;
				CLANG_CXX_LANGUAGE_STANDARD = "gnu++0x";
				CLANG_CXX_LIBRARY = "libc++";
				CLANG_ENABLE_MODULES = YES;
				CLANG_ENABLE_OBJC_ARC = YES;
				CLANG_WARN_BOOL_CONVERSION = YES;
				CLANG_WARN_CONSTANT_CONVERSION = YES;
				CLANG_WARN_DIRECT_OBJC_ISA_USAGE = YES_ERROR;
				CLANG_WARN_EMPTY_BODY = YES;
				CLANG_WARN_ENUM_CONVERSION = YES;
				CLANG_WARN_INT_CONVERSION = YES;
				CLANG_WARN_OBJC_ROOT_CLASS = YES_ERROR;
				CLANG_WARN_UNREACHABLE_CODE = YES;
				CLANG_WARN__DUPLICATE_METHOD_MATCH = YES;
				"CODE_SIGN_IDENTITY[sdk=iphoneos*]" = "iPhone Developer";
				COPY_PHASE_STRIP = NO;
				DEBUG_INFORMATION_FORMAT = "dwarf-with-dsym";
				ENABLE_NS_ASSERTIONS = NO;
				ENABLE_STRICT_OBJC_MSGSEND = YES;
				GCC_C_LANGUAGE_STANDARD = gnu99;
				GCC_NO_COMMON_BLOCKS = YES;
				GCC_WARN_64_TO_32_BIT_CONVERSION = YES;
				GCC_WARN_ABOUT_RETURN_TYPE = YES_ERROR;
				GCC_WARN_UNDECLARED_SELECTOR = YES;
				GCC_WARN_UNINITIALIZED_AUTOS = YES_AGGRESSIVE;
				GCC_WARN_UNUSED_FUNCTION = YES;
				GCC_WARN_UNUSED_VARIABLE = YES;
				IPHONEOS_DEPLOYMENT_TARGET = 9.1;
				MTL_ENABLE_DEBUG_INFO = NO;
				SDKROOT = iphoneos;
				VALIDATE_PRODUCT = YES;
			};
			name = Release;
		};
		F2CDE7821C03EB4C002E600D /* Debug */ = {
			isa = XCBuildConfiguration;
			buildSettings = {
				ASSETCATALOG_COMPILER_APPICON_NAME = AppIcon;
				CODE_SIGN_IDENTITY = "iPhone Developer";
				"CODE_SIGN_IDENTITY[sdk=iphoneos*]" = "iPhone Developer";
				INFOPLIST_FILE = TwoFlick/Info.plist;
				IPHONEOS_DEPLOYMENT_TARGET = 9.0;
				LD_RUNPATH_SEARCH_PATHS = "$(inherited) @executable_path/Frameworks";
				PRODUCT_BUNDLE_IDENTIFIER = uk.ac.kent.fe44.TwoFlick;
				PRODUCT_NAME = "$(TARGET_NAME)";
				PROVISIONING_PROFILE = "";
			};
			name = Debug;
		};
		F2CDE7831C03EB4C002E600D /* Release */ = {
			isa = XCBuildConfiguration;
			buildSettings = {
				ASSETCATALOG_COMPILER_APPICON_NAME = AppIcon;
				CODE_SIGN_IDENTITY = "iPhone Developer";
				"CODE_SIGN_IDENTITY[sdk=iphoneos*]" = "iPhone Developer";
				INFOPLIST_FILE = TwoFlick/Info.plist;
				IPHONEOS_DEPLOYMENT_TARGET = 9.0;
				LD_RUNPATH_SEARCH_PATHS = "$(inherited) @executable_path/Frameworks";
				PRODUCT_BUNDLE_IDENTIFIER = uk.ac.kent.fe44.TwoFlick;
				PRODUCT_NAME = "$(TARGET_NAME)";
				PROVISIONING_PROFILE = "";
			};
			name = Release;
		};
/* End XCBuildConfiguration section */

/* Begin XCConfigurationList section */
		F2CDE76A1C03EB4C002E600D /* Build configuration list for PBXProject "TwoFlick" */ = {
			isa = XCConfigurationList;
			buildConfigurations = (
				F2CDE77F1C03EB4C002E600D /* Debug */,
				F2CDE7801C03EB4C002E600D /* Release */,
			);
			defaultConfigurationIsVisible = 0;
			defaultConfigurationName = Release;
		};
		F2CDE7811C03EB4C002E600D /* Build configuration list for PBXNativeTarget "TwoFlick" */ = {
			isa = XCConfigurationList;
			buildConfigurations = (
				F2CDE7821C03EB4C002E600D /* Debug */,
				F2CDE7831C03EB4C002E600D /* Release */,
			);
			defaultConfigurationIsVisible = 0;
			defaultConfigurationName = Release;
		};
/* End XCConfigurationList section */
	};
	rootObject = F2CDE7671C03EB4C002E600D /* Project object */;
}
